// !$*UTF8*$!
{
	archiveVersion = 1;
	classes = {
	};
	objectVersion = 56;
	objects = {

/* Begin PBXBuildFile section */
		835EA94529388A6400213BDA /* RoundedCornerButton.swift in Sources */ = {isa = PBXBuildFile; fileRef = 835EA94429388A6400213BDA /* RoundedCornerButton.swift */; };
		835EA9472938AA5A00213BDA /* DetailView.swift in Sources */ = {isa = PBXBuildFile; fileRef = 835EA9462938AA5A00213BDA /* DetailView.swift */; };
		836C2A682938789800D04489 /* MainWeatherView.swift in Sources */ = {isa = PBXBuildFile; fileRef = 836C2A672938789800D04489 /* MainWeatherView.swift */; };
		839DD90F293708B200341435 /* LoginProjectApp.swift in Sources */ = {isa = PBXBuildFile; fileRef = 839DD90E293708B200341435 /* LoginProjectApp.swift */; };
		839DD911293708B200341435 /* ContentView.swift in Sources */ = {isa = PBXBuildFile; fileRef = 839DD910293708B200341435 /* ContentView.swift */; };
		839DD913293708B400341435 /* Assets.xcassets in Resources */ = {isa = PBXBuildFile; fileRef = 839DD912293708B400341435 /* Assets.xcassets */; };
		839DD916293708B400341435 /* Preview Assets.xcassets in Resources */ = {isa = PBXBuildFile; fileRef = 839DD915293708B400341435 /* Preview Assets.xcassets */; };
		839DD920293708B400341435 /* LoginProjectTests.swift in Sources */ = {isa = PBXBuildFile; fileRef = 839DD91F293708B400341435 /* LoginProjectTests.swift */; };
		839DD92A293708B400341435 /* LoginProjectUITests.swift in Sources */ = {isa = PBXBuildFile; fileRef = 839DD929293708B400341435 /* LoginProjectUITests.swift */; };
		839DD92C293708B400341435 /* LoginProjectUITestsLaunchTests.swift in Sources */ = {isa = PBXBuildFile; fileRef = 839DD92B293708B400341435 /* LoginProjectUITestsLaunchTests.swift */; };
/* End PBXBuildFile section */

/* Begin PBXContainerItemProxy section */
		839DD91C293708B400341435 /* PBXContainerItemProxy */ = {
			isa = PBXContainerItemProxy;
			containerPortal = 839DD903293708B200341435 /* Project object */;
			proxyType = 1;
			remoteGlobalIDString = 839DD90A293708B200341435;
			remoteInfo = LoginProject;
		};
		839DD926293708B400341435 /* PBXContainerItemProxy */ = {
			isa = PBXContainerItemProxy;
			containerPortal = 839DD903293708B200341435 /* Project object */;
			proxyType = 1;
			remoteGlobalIDString = 839DD90A293708B200341435;
			remoteInfo = LoginProject;
		};
/* End PBXContainerItemProxy section */

/* Begin PBXFileReference section */
		835EA94429388A6400213BDA /* RoundedCornerButton.swift */ = {isa = PBXFileReference; lastKnownFileType = sourcecode.swift; path = RoundedCornerButton.swift; sourceTree = "<group>"; };
		835EA9462938AA5A00213BDA /* DetailView.swift */ = {isa = PBXFileReference; lastKnownFileType = sourcecode.swift; path = DetailView.swift; sourceTree = "<group>"; };
		836C2A672938789800D04489 /* MainWeatherView.swift */ = {isa = PBXFileReference; lastKnownFileType = sourcecode.swift; path = MainWeatherView.swift; sourceTree = "<group>"; };
		839DD90B293708B200341435 /* LoginProject.app */ = {isa = PBXFileReference; explicitFileType = wrapper.application; includeInIndex = 0; path = LoginProject.app; sourceTree = BUILT_PRODUCTS_DIR; };
		839DD90E293708B200341435 /* LoginProjectApp.swift */ = {isa = PBXFileReference; lastKnownFileType = sourcecode.swift; path = LoginProjectApp.swift; sourceTree = "<group>"; };
		839DD910293708B200341435 /* ContentView.swift */ = {isa = PBXFileReference; lastKnownFileType = sourcecode.swift; path = ContentView.swift; sourceTree = "<group>"; };
		839DD912293708B400341435 /* Assets.xcassets */ = {isa = PBXFileReference; lastKnownFileType = folder.assetcatalog; path = Assets.xcassets; sourceTree = "<group>"; };
		839DD915293708B400341435 /* Preview Assets.xcassets */ = {isa = PBXFileReference; lastKnownFileType = folder.assetcatalog; path = "Preview Assets.xcassets"; sourceTree = "<group>"; };
		839DD91B293708B400341435 /* LoginProjectTests.xctest */ = {isa = PBXFileReference; explicitFileType = wrapper.cfbundle; includeInIndex = 0; path = LoginProjectTests.xctest; sourceTree = BUILT_PRODUCTS_DIR; };
		839DD91F293708B400341435 /* LoginProjectTests.swift */ = {isa = PBXFileReference; lastKnownFileType = sourcecode.swift; path = LoginProjectTests.swift; sourceTree = "<group>"; };
		839DD925293708B400341435 /* LoginProjectUITests.xctest */ = {isa = PBXFileReference; explicitFileType = wrapper.cfbundle; includeInIndex = 0; path = LoginProjectUITests.xctest; sourceTree = BUILT_PRODUCTS_DIR; };
		839DD929293708B400341435 /* LoginProjectUITests.swift */ = {isa = PBXFileReference; lastKnownFileType = sourcecode.swift; path = LoginProjectUITests.swift; sourceTree = "<group>"; };
		839DD92B293708B400341435 /* LoginProjectUITestsLaunchTests.swift */ = {isa = PBXFileReference; lastKnownFileType = sourcecode.swift; path = LoginProjectUITestsLaunchTests.swift; sourceTree = "<group>"; };
		839DD93829370DD000341435 /* Info.plist */ = {isa = PBXFileReference; lastKnownFileType = text.plist; path = Info.plist; sourceTree = "<group>"; };
/* End PBXFileReference section */

/* Begin PBXFrameworksBuildPhase section */
		839DD908293708B200341435 /* Frameworks */ = {
			isa = PBXFrameworksBuildPhase;
			buildActionMask = 2147483647;
			files = (
			);
			runOnlyForDeploymentPostprocessing = 0;
		};
		839DD918293708B400341435 /* Frameworks */ = {
			isa = PBXFrameworksBuildPhase;
			buildActionMask = 2147483647;
			files = (
			);
			runOnlyForDeploymentPostprocessing = 0;
		};
		839DD922293708B400341435 /* Frameworks */ = {
			isa = PBXFrameworksBuildPhase;
			buildActionMask = 2147483647;
			files = (
			);
			runOnlyForDeploymentPostprocessing = 0;
		};
/* End PBXFrameworksBuildPhase section */

/* Begin PBXGroup section */
		839DD902293708B200341435 = {
			isa = PBXGroup;
			children = (
				839DD90D293708B200341435 /* LoginProject */,
				839DD91E293708B400341435 /* LoginProjectTests */,
				839DD928293708B400341435 /* LoginProjectUITests */,
				839DD90C293708B200341435 /* Products */,
			);
			sourceTree = "<group>";
		};
		839DD90C293708B200341435 /* Products */ = {
			isa = PBXGroup;
			children = (
				839DD90B293708B200341435 /* LoginProject.app */,
				839DD91B293708B400341435 /* LoginProjectTests.xctest */,
				839DD925293708B400341435 /* LoginProjectUITests.xctest */,
			);
			name = Products;
			sourceTree = "<group>";
		};
		839DD90D293708B200341435 /* LoginProject */ = {
			isa = PBXGroup;
			children = (
				839DD93829370DD000341435 /* Info.plist */,
				839DD90E293708B200341435 /* LoginProjectApp.swift */,
				839DD910293708B200341435 /* ContentView.swift */,
				836C2A672938789800D04489 /* MainWeatherView.swift */,
				835EA94429388A6400213BDA /* RoundedCornerButton.swift */,
				835EA9462938AA5A00213BDA /* DetailView.swift */,
				839DD912293708B400341435 /* Assets.xcassets */,
				839DD914293708B400341435 /* Preview Content */,
			);
			path = LoginProject;
			sourceTree = "<group>";
		};
		839DD914293708B400341435 /* Preview Content */ = {
			isa = PBXGroup;
			children = (
				839DD915293708B400341435 /* Preview Assets.xcassets */,
			);
			path = "Preview Content";
			sourceTree = "<group>";
		};
		839DD91E293708B400341435 /* LoginProjectTests */ = {
			isa = PBXGroup;
			children = (
				839DD91F293708B400341435 /* LoginProjectTests.swift */,
			);
			path = LoginProjectTests;
			sourceTree = "<group>";
		};
		839DD928293708B400341435 /* LoginProjectUITests */ = {
			isa = PBXGroup;
			children = (
				839DD929293708B400341435 /* LoginProjectUITests.swift */,
				839DD92B293708B400341435 /* LoginProjectUITestsLaunchTests.swift */,
			);
			path = LoginProjectUITests;
			sourceTree = "<group>";
		};
/* End PBXGroup section */

/* Begin PBXNativeTarget section */
		839DD90A293708B200341435 /* LoginProject */ = {
			isa = PBXNativeTarget;
			buildConfigurationList = 839DD92F293708B400341435 /* Build configuration list for PBXNativeTarget "LoginProject" */;
			buildPhases = (
				839DD907293708B200341435 /* Sources */,
				839DD908293708B200341435 /* Frameworks */,
				839DD909293708B200341435 /* Resources */,
			);
			buildRules = (
			);
			dependencies = (
			);
			name = LoginProject;
			productName = LoginProject;
			productReference = 839DD90B293708B200341435 /* LoginProject.app */;
			productType = "com.apple.product-type.application";
		};
		839DD91A293708B400341435 /* LoginProjectTests */ = {
			isa = PBXNativeTarget;
			buildConfigurationList = 839DD932293708B400341435 /* Build configuration list for PBXNativeTarget "LoginProjectTests" */;
			buildPhases = (
				839DD917293708B400341435 /* Sources */,
				839DD918293708B400341435 /* Frameworks */,
				839DD919293708B400341435 /* Resources */,
			);
			buildRules = (
			);
			dependencies = (
				839DD91D293708B400341435 /* PBXTargetDependency */,
			);
			name = LoginProjectTests;
			productName = LoginProjectTests;
			productReference = 839DD91B293708B400341435 /* LoginProjectTests.xctest */;
			productType = "com.apple.product-type.bundle.unit-test";
		};
		839DD924293708B400341435 /* LoginProjectUITests */ = {
			isa = PBXNativeTarget;
			buildConfigurationList = 839DD935293708B400341435 /* Build configuration list for PBXNativeTarget "LoginProjectUITests" */;
			buildPhases = (
				839DD921293708B400341435 /* Sources */,
				839DD922293708B400341435 /* Frameworks */,
				839DD923293708B400341435 /* Resources */,
			);
			buildRules = (
			);
			dependencies = (
				839DD927293708B400341435 /* PBXTargetDependency */,
			);
			name = LoginProjectUITests;
			productName = LoginProjectUITests;
			productReference = 839DD925293708B400341435 /* LoginProjectUITests.xctest */;
			productType = "com.apple.product-type.bundle.ui-testing";
		};
/* End PBXNativeTarget section */

/* Begin PBXProject section */
		839DD903293708B200341435 /* Project object */ = {
			isa = PBXProject;
			attributes = {
				BuildIndependentTargetsInParallel = 1;
				LastSwiftUpdateCheck = 1410;
				LastUpgradeCheck = 1410;
				TargetAttributes = {
					839DD90A293708B200341435 = {
						CreatedOnToolsVersion = 14.1;
					};
					839DD91A293708B400341435 = {
						CreatedOnToolsVersion = 14.1;
						TestTargetID = 839DD90A293708B200341435;
					};
					839DD924293708B400341435 = {
						CreatedOnToolsVersion = 14.1;
						TestTargetID = 839DD90A293708B200341435;
					};
				};
			};
			buildConfigurationList = 839DD906293708B200341435 /* Build configuration list for PBXProject "LoginProject" */;
			compatibilityVersion = "Xcode 14.0";
			developmentRegion = en;
			hasScannedForEncodings = 0;
			knownRegions = (
				en,
				Base,
			);
			mainGroup = 839DD902293708B200341435;
			productRefGroup = 839DD90C293708B200341435 /* Products */;
			projectDirPath = "";
			projectRoot = "";
			targets = (
				839DD90A293708B200341435 /* LoginProject */,
				839DD91A293708B400341435 /* LoginProjectTests */,
				839DD924293708B400341435 /* LoginProjectUITests */,
			);
		};
/* End PBXProject section */

/* Begin PBXResourcesBuildPhase section */
		839DD909293708B200341435 /* Resources */ = {
			isa = PBXResourcesBuildPhase;
			buildActionMask = 2147483647;
			files = (
				839DD916293708B400341435 /* Preview Assets.xcassets in Resources */,
				839DD913293708B400341435 /* Assets.xcassets in Resources */,
			);
			runOnlyForDeploymentPostprocessing = 0;
		};
		839DD919293708B400341435 /* Resources */ = {
			isa = PBXResourcesBuildPhase;
			buildActionMask = 2147483647;
			files = (
			);
			runOnlyForDeploymentPostprocessing = 0;
		};
		839DD923293708B400341435 /* Resources */ = {
			isa = PBXResourcesBuildPhase;
			buildActionMask = 2147483647;
			files = (
			);
			runOnlyForDeploymentPostprocessing = 0;
		};
/* End PBXResourcesBuildPhase section */

/* Begin PBXSourcesBuildPhase section */
		839DD907293708B200341435 /* Sources */ = {
			isa = PBXSourcesBuildPhase;
			buildActionMask = 2147483647;
			files = (
				839DD911293708B200341435 /* ContentView.swift in Sources */,
				839DD90F293708B200341435 /* LoginProjectApp.swift in Sources */,
				835EA94529388A6400213BDA /* RoundedCornerButton.swift in Sources */,
				835EA9472938AA5A00213BDA /* DetailView.swift in Sources */,
				836C2A682938789800D04489 /* MainWeatherView.swift in Sources */,
			);
			runOnlyForDeploymentPostprocessing = 0;
		};
		839DD917293708B400341435 /* Sources */ = {
			isa = PBXSourcesBuildPhase;
			buildActionMask = 2147483647;
			files = (
				839DD920293708B400341435 /* LoginProjectTests.swift in Sources */,
			);
			runOnlyForDeploymentPostprocessing = 0;
		};
		839DD921293708B400341435 /* Sources */ = {
			isa = PBXSourcesBuildPhase;
			buildActionMask = 2147483647;
			files = (
				839DD92C293708B400341435 /* LoginProjectUITestsLaunchTests.swift in Sources */,
				839DD92A293708B400341435 /* LoginProjectUITests.swift in Sources */,
			);
			runOnlyForDeploymentPostprocessing = 0;
		};
/* End PBXSourcesBuildPhase section */

/* Begin PBXTargetDependency section */
		839DD91D293708B400341435 /* PBXTargetDependency */ = {
			isa = PBXTargetDependency;
			target = 839DD90A293708B200341435 /* LoginProject */;
			targetProxy = 839DD91C293708B400341435 /* PBXContainerItemProxy */;
		};
		839DD927293708B400341435 /* PBXTargetDependency */ = {
			isa = PBXTargetDependency;
			target = 839DD90A293708B200341435 /* LoginProject */;
			targetProxy = 839DD926293708B400341435 /* PBXContainerItemProxy */;
		};
/* End PBXTargetDependency section */

/* Begin XCBuildConfiguration section */
		839DD92D293708B400341435 /* Debug */ = {
			isa = XCBuildConfiguration;
			buildSettings = {
				ALWAYS_SEARCH_USER_PATHS = NO;
				CLANG_ANALYZER_NONNULL = YES;
				CLANG_ANALYZER_NUMBER_OBJECT_CONVERSION = YES_AGGRESSIVE;
				CLANG_CXX_LANGUAGE_STANDARD = "gnu++20";
				CLANG_ENABLE_MODULES = YES;
				CLANG_ENABLE_OBJC_ARC = YES;
				CLANG_ENABLE_OBJC_WEAK = YES;
				CLANG_WARN_BLOCK_CAPTURE_AUTORELEASING = YES;
				CLANG_WARN_BOOL_CONVERSION = YES;
				CLANG_WARN_COMMA = YES;
				CLANG_WARN_CONSTANT_CONVERSION = YES;
				CLANG_WARN_DEPRECATED_OBJC_IMPLEMENTATIONS = YES;
				CLANG_WARN_DIRECT_OBJC_ISA_USAGE = YES_ERROR;
				CLANG_WARN_DOCUMENTATION_COMMENTS = YES;
				CLANG_WARN_EMPTY_BODY = YES;
				CLANG_WARN_ENUM_CONVERSION = YES;
				CLANG_WARN_INFINITE_RECURSION = YES;
				CLANG_WARN_INT_CONVERSION = YES;
				CLANG_WARN_NON_LITERAL_NULL_CONVERSION = YES;
				CLANG_WARN_OBJC_IMPLICIT_RETAIN_SELF = YES;
				CLANG_WARN_OBJC_LITERAL_CONVERSION = YES;
				CLANG_WARN_OBJC_ROOT_CLASS = YES_ERROR;
				CLANG_WARN_QUOTED_INCLUDE_IN_FRAMEWORK_HEADER = YES;
				CLANG_WARN_RANGE_LOOP_ANALYSIS = YES;
				CLANG_WARN_STRICT_PROTOTYPES = YES;
				CLANG_WARN_SUSPICIOUS_MOVE = YES;
				CLANG_WARN_UNGUARDED_AVAILABILITY = YES_AGGRESSIVE;
				CLANG_WARN_UNREACHABLE_CODE = YES;
				CLANG_WARN__DUPLICATE_METHOD_MATCH = YES;
				COPY_PHASE_STRIP = NO;
				DEBUG_INFORMATION_FORMAT = dwarf;
				ENABLE_STRICT_OBJC_MSGSEND = YES;
				ENABLE_TESTABILITY = YES;
				GCC_C_LANGUAGE_STANDARD = gnu11;
				GCC_DYNAMIC_NO_PIC = NO;
				GCC_NO_COMMON_BLOCKS = YES;
				GCC_OPTIMIZATION_LEVEL = 0;
				GCC_PREPROCESSOR_DEFINITIONS = (
					"DEBUG=1",
					"$(inherited)",
				);
				GCC_WARN_64_TO_32_BIT_CONVERSION = YES;
				GCC_WARN_ABOUT_RETURN_TYPE = YES_ERROR;
				GCC_WARN_UNDECLARED_SELECTOR = YES;
				GCC_WARN_UNINITIALIZED_AUTOS = YES_AGGRESSIVE;
				GCC_WARN_UNUSED_FUNCTION = YES;
				GCC_WARN_UNUSED_VARIABLE = YES;
				IPHONEOS_DEPLOYMENT_TARGET = 16.1;
				MTL_ENABLE_DEBUG_INFO = INCLUDE_SOURCE;
				MTL_FAST_MATH = YES;
				ONLY_ACTIVE_ARCH = YES;
				SDKROOT = iphoneos;
				SWIFT_ACTIVE_COMPILATION_CONDITIONS = DEBUG;
				SWIFT_OPTIMIZATION_LEVEL = "-Onone";
			};
			name = Debug;
		};
		839DD92E293708B400341435 /* Release */ = {
			isa = XCBuildConfiguration;
			buildSettings = {
				ALWAYS_SEARCH_USER_PATHS = NO;
				CLANG_ANALYZER_NONNULL = YES;
				CLANG_ANALYZER_NUMBER_OBJECT_CONVERSION = YES_AGGRESSIVE;
				CLANG_CXX_LANGUAGE_STANDARD = "gnu++20";
				CLANG_ENABLE_MODULES = YES;
				CLANG_ENABLE_OBJC_ARC = YES;
				CLANG_ENABLE_OBJC_WEAK = YES;
				CLANG_WARN_BLOCK_CAPTURE_AUTORELEASING = YES;
				CLANG_WARN_BOOL_CONVERSION = YES;
				CLANG_WARN_COMMA = YES;
				CLANG_WARN_CONSTANT_CONVERSION = YES;
				CLANG_WARN_DEPRECATED_OBJC_IMPLEMENTATIONS = YES;
				CLANG_WARN_DIRECT_OBJC_ISA_USAGE = YES_ERROR;
				CLANG_WARN_DOCUMENTATION_COMMENTS = YES;
				CLANG_WARN_EMPTY_BODY = YES;
				CLANG_WARN_ENUM_CONVERSION = YES;
				CLANG_WARN_INFINITE_RECURSION = YES;
				CLANG_WARN_INT_CONVERSION = YES;
				CLANG_WARN_NON_LITERAL_NULL_CONVERSION = YES;
				CLANG_WARN_OBJC_IMPLICIT_RETAIN_SELF = YES;
				CLANG_WARN_OBJC_LITERAL_CONVERSION = YES;
				CLANG_WARN_OBJC_ROOT_CLASS = YES_ERROR;
				CLANG_WARN_QUOTED_INCLUDE_IN_FRAMEWORK_HEADER = YES;
				CLANG_WARN_RANGE_LOOP_ANALYSIS = YES;
				CLANG_WARN_STRICT_PROTOTYPES = YES;
				CLANG_WARN_SUSPICIOUS_MOVE = YES;
				CLANG_WARN_UNGUARDED_AVAILABILITY = YES_AGGRESSIVE;
				CLANG_WARN_UNREACHABLE_CODE = YES;
				CLANG_WARN__DUPLICATE_METHOD_MATCH = YES;
				COPY_PHASE_STRIP = NO;
				DEBUG_INFORMATION_FORMAT = "dwarf-with-dsym";
				ENABLE_NS_ASSERTIONS = NO;
				ENABLE_STRICT_OBJC_MSGSEND = YES;
				GCC_C_LANGUAGE_STANDARD = gnu11;
				GCC_NO_COMMON_BLOCKS = YES;
				GCC_WARN_64_TO_32_BIT_CONVERSION = YES;
				GCC_WARN_ABOUT_RETURN_TYPE = YES_ERROR;
				GCC_WARN_UNDECLARED_SELECTOR = YES;
				GCC_WARN_UNINITIALIZED_AUTOS = YES_AGGRESSIVE;
				GCC_WARN_UNUSED_FUNCTION = YES;
				GCC_WARN_UNUSED_VARIABLE = YES;
				IPHONEOS_DEPLOYMENT_TARGET = 16.1;
				MTL_ENABLE_DEBUG_INFO = NO;
				MTL_FAST_MATH = YES;
				SDKROOT = iphoneos;
				SWIFT_COMPILATION_MODE = wholemodule;
				SWIFT_OPTIMIZATION_LEVEL = "-O";
				VALIDATE_PRODUCT = YES;
			};
			name = Release;
		};
		839DD930293708B400341435 /* Debug */ = {
			isa = XCBuildConfiguration;
			buildSettings = {
				ASSETCATALOG_COMPILER_APPICON_NAME = AppIcon;
				ASSETCATALOG_COMPILER_GLOBAL_ACCENT_COLOR_NAME = AccentColor;
				ASSETCATALOG_COMPILER_INCLUDE_ALL_APPICON_ASSETS = YES;
				CODE_SIGN_STYLE = Manual;
				CURRENT_PROJECT_VERSION = 1;
				DEVELOPMENT_ASSET_PATHS = "\"LoginProject/Preview Content\"";
				DEVELOPMENT_TEAM = "";
				ENABLE_PREVIEWS = YES;
				GENERATE_INFOPLIST_FILE = YES;
				INFOPLIST_FILE = LoginProject/Info.plist;
				INFOPLIST_KEY_UIApplicationSceneManifest_Generation = YES;
				INFOPLIST_KEY_UIApplicationSupportsIndirectInputEvents = YES;
				INFOPLIST_KEY_UILaunchStoryboardName = "";
				INFOPLIST_KEY_UISupportedInterfaceOrientations_iPad = "UIInterfaceOrientationPortrait UIInterfaceOrientationPortraitUpsideDown UIInterfaceOrientationLandscapeLeft UIInterfaceOrientationLandscapeRight";
				INFOPLIST_KEY_UISupportedInterfaceOrientations_iPhone = "UIInterfaceOrientationPortrait UIInterfaceOrientationLandscapeLeft UIInterfaceOrientationLandscapeRight";
				IPHONEOS_DEPLOYMENT_TARGET = 14.0;
				LD_RUNPATH_SEARCH_PATHS = (
					"$(inherited)",
					"@executable_path/Frameworks",
				);
				MARKETING_VERSION = 1.0;
				PRODUCT_BUNDLE_IDENTIFIER = com.test;
				PRODUCT_NAME = "$(TARGET_NAME)";
				PROVISIONING_PROFILE_SPECIFIER = "";
				SWIFT_EMIT_LOC_STRINGS = YES;
				SWIFT_VERSION = 5.0;
				TARGETED_DEVICE_FAMILY = "1,2";
			};
			name = Debug;
		};
		839DD931293708B400341435 /* Release */ = {
			isa = XCBuildConfiguration;
			buildSettings = {
				ASSETCATALOG_COMPILER_APPICON_NAME = AppIcon;
				ASSETCATALOG_COMPILER_GLOBAL_ACCENT_COLOR_NAME = AccentColor;
				ASSETCATALOG_COMPILER_INCLUDE_ALL_APPICON_ASSETS = YES;
				CODE_SIGN_STYLE = Manual;
				CURRENT_PROJECT_VERSION = 1;
				DEVELOPMENT_ASSET_PATHS = "\"LoginProject/Preview Content\"";
				DEVELOPMENT_TEAM = "";
				ENABLE_PREVIEWS = YES;
				GENERATE_INFOPLIST_FILE = YES;
				INFOPLIST_FILE = LoginProject/Info.plist;
				INFOPLIST_KEY_UIApplicationSceneManifest_Generation = YES;
				INFOPLIST_KEY_UIApplicationSupportsIndirectInputEvents = YES;
				INFOPLIST_KEY_UILaunchStoryboardName = "";
				INFOPLIST_KEY_UISupportedInterfaceOrientations_iPad = "UIInterfaceOrientationPortrait UIInterfaceOrientationPortraitUpsideDown UIInterfaceOrientationLandscapeLeft UIInterfaceOrientationLandscapeRight";
				INFOPLIST_KEY_UISupportedInterfaceOrientations_iPhone = "UIInterfaceOrientationPortrait UIInterfaceOrientationLandscapeLeft UIInterfaceOrientationLandscapeRight";
				IPHONEOS_DEPLOYMENT_TARGET = 14.0;
				LD_RUNPATH_SEARCH_PATHS = (
					"$(inherited)",
					"@executable_path/Frameworks",
				);
				MARKETING_VERSION = 1.0;
				PRODUCT_BUNDLE_IDENTIFIER = com.test;
				PRODUCT_NAME = "$(TARGET_NAME)";
				PROVISIONING_PROFILE_SPECIFIER = "";
				SWIFT_EMIT_LOC_STRINGS = YES;
				SWIFT_VERSION = 5.0;
				TARGETED_DEVICE_FAMILY = "1,2";
			};
			name = Release;
		};
		839DD933293708B400341435 /* Debug */ = {
			isa = XCBuildConfiguration;
			buildSettings = {
				ALWAYS_EMBED_SWIFT_STANDARD_LIBRARIES = YES;
				BUNDLE_LOADER = "$(TEST_HOST)";
				CODE_SIGN_STYLE = Automatic;
				CURRENT_PROJECT_VERSION = 1;
				GENERATE_INFOPLIST_FILE = YES;
				IPHONEOS_DEPLOYMENT_TARGET = 16.1;
				MARKETING_VERSION = 1.0;
				PRODUCT_BUNDLE_IDENTIFIER = com.test;
				PRODUCT_NAME = "$(TARGET_NAME)";
				SWIFT_EMIT_LOC_STRINGS = NO;
				SWIFT_VERSION = 5.0;
				TARGETED_DEVICE_FAMILY = "1,2";
				TEST_HOST = "$(BUILT_PRODUCTS_DIR)/LoginProject.app/$(BUNDLE_EXECUTABLE_FOLDER_PATH)/LoginProject";
			};
			name = Debug;
		};
		839DD934293708B400341435 /* Release */ = {
			isa = XCBuildConfiguration;
			buildSettings = {
				ALWAYS_EMBED_SWIFT_STANDARD_LIBRARIES = YES;
				BUNDLE_LOADER = "$(TEST_HOST)";
				CODE_SIGN_STYLE = Automatic;
				CURRENT_PROJECT_VERSION = 1;
				GENERATE_INFOPLIST_FILE = YES;
				IPHONEOS_DEPLOYMENT_TARGET = 16.1;
				MARKETING_VERSION = 1.0;
				PRODUCT_BUNDLE_IDENTIFIER = com.test;
				PRODUCT_NAME = "$(TARGET_NAME)";
				SWIFT_EMIT_LOC_STRINGS = NO;
				SWIFT_VERSION = 5.0;
				TARGETED_DEVICE_FAMILY = "1,2";
				TEST_HOST = "$(BUILT_PRODUCTS_DIR)/LoginProject.app/$(BUNDLE_EXECUTABLE_FOLDER_PATH)/LoginProject";
			};
			name = Release;
		};
		839DD936293708B400341435 /* Debug */ = {
			isa = XCBuildConfiguration;
			buildSettings = {
				ALWAYS_EMBED_SWIFT_STANDARD_LIBRARIES = YES;
				CODE_SIGN_STYLE = Automatic;
				CURRENT_PROJECT_VERSION = 1;
				GENERATE_INFOPLIST_FILE = YES;
				MARKETING_VERSION = 1.0;
				PRODUCT_BUNDLE_IDENTIFIER = com.test;
				PRODUCT_NAME = "$(TARGET_NAME)";
				SWIFT_EMIT_LOC_STRINGS = NO;
				SWIFT_VERSION = 5.0;
				TARGETED_DEVICE_FAMILY = "1,2";
				TEST_TARGET_NAME = LoginProject;
			};
			name = Debug;
		};
		839DD937293708B400341435 /* Release */ = {
			isa = XCBuildConfiguration;
			buildSettings = {
				ALWAYS_EMBED_SWIFT_STANDARD_LIBRARIES = YES;
				CODE_SIGN_STYLE = Automatic;
				CURRENT_PROJECT_VERSION = 1;
				GENERATE_INFOPLIST_FILE = YES;
				MARKETING_VERSION = 1.0;
				PRODUCT_BUNDLE_IDENTIFIER = com.test;
				PRODUCT_NAME = "$(TARGET_NAME)";
				SWIFT_EMIT_LOC_STRINGS = NO;
				SWIFT_VERSION = 5.0;
				TARGETED_DEVICE_FAMILY = "1,2";
				TEST_TARGET_NAME = LoginProject;
			};
			name = Release;
		};
/* End XCBuildConfiguration section */

/* Begin XCConfigurationList section */
		839DD906293708B200341435 /* Build configuration list for PBXProject "LoginProject" */ = {
			isa = XCConfigurationList;
			buildConfigurations = (
				839DD92D293708B400341435 /* Debug */,
				839DD92E293708B400341435 /* Release */,
			);
			defaultConfigurationIsVisible = 0;
			defaultConfigurationName = Release;
		};
		839DD92F293708B400341435 /* Build configuration list for PBXNativeTarget "LoginProject" */ = {
			isa = XCConfigurationList;
			buildConfigurations = (
				839DD930293708B400341435 /* Debug */,
				839DD931293708B400341435 /* Release */,
			);
			defaultConfigurationIsVisible = 0;
			defaultConfigurationName = Release;
		};
		839DD932293708B400341435 /* Build configuration list for PBXNativeTarget "LoginProjectTests" */ = {
			isa = XCConfigurationList;
			buildConfigurations = (
				839DD933293708B400341435 /* Debug */,
				839DD934293708B400341435 /* Release */,
			);
			defaultConfigurationIsVisible = 0;
			defaultConfigurationName = Release;
		};
		839DD935293708B400341435 /* Build configuration list for PBXNativeTarget "LoginProjectUITests" */ = {
			isa = XCConfigurationList;
			buildConfigurations = (
				839DD936293708B400341435 /* Debug */,
				839DD937293708B400341435 /* Release */,
			);
			defaultConfigurationIsVisible = 0;
			defaultConfigurationName = Release;
		};
/* End XCConfigurationList section */
	};
	rootObject = 839DD903293708B200341435 /* Project object */;
}
